// !$*UTF8*$!
{
	archiveVersion = 1;
	classes = {
	};
	objectVersion = 50;
	objects = {

/* Begin PBXBuildFile section */
		6B1548F124BB4AB000A0A7B4 /* TextView.swift in Sources */ = {isa = PBXBuildFile; fileRef = 6B1548F024BB4AB000A0A7B4 /* TextView.swift */; };
		6B1548F224BB4AB000A0A7B4 /* TextView.swift in Sources */ = {isa = PBXBuildFile; fileRef = 6B1548F024BB4AB000A0A7B4 /* TextView.swift */; };
		6B1548F324BB4AB000A0A7B4 /* TextView.swift in Sources */ = {isa = PBXBuildFile; fileRef = 6B1548F024BB4AB000A0A7B4 /* TextView.swift */; };
		6B1548F624BB4E1600A0A7B4 /* KeyboardObserver.swift in Sources */ = {isa = PBXBuildFile; fileRef = 6B1548F524BB4E1600A0A7B4 /* KeyboardObserver.swift */; };
		6B1548F724BB4E1600A0A7B4 /* KeyboardObserver.swift in Sources */ = {isa = PBXBuildFile; fileRef = 6B1548F524BB4E1600A0A7B4 /* KeyboardObserver.swift */; };
		6B1548F824BB4E1600A0A7B4 /* KeyboardObserver.swift in Sources */ = {isa = PBXBuildFile; fileRef = 6B1548F524BB4E1600A0A7B4 /* KeyboardObserver.swift */; };
		6B3840C624BABB8000BE684D /* AppDelegate.swift in Sources */ = {isa = PBXBuildFile; fileRef = 6B3840C524BABB8000BE684D /* AppDelegate.swift */; };
		6B3840C824BABB8000BE684D /* SceneDelegate.swift in Sources */ = {isa = PBXBuildFile; fileRef = 6B3840C724BABB8000BE684D /* SceneDelegate.swift */; };
		6B3840CB24BABB8100BE684D /* SwiftUIMemo.xcdatamodeld in Sources */ = {isa = PBXBuildFile; fileRef = 6B3840C924BABB8100BE684D /* SwiftUIMemo.xcdatamodeld */; };
		6B3840CD24BABB8100BE684D /* MemoListScene.swift in Sources */ = {isa = PBXBuildFile; fileRef = 6B3840CC24BABB8100BE684D /* MemoListScene.swift */; };
		6B3840CF24BABB8400BE684D /* Assets.xcassets in Resources */ = {isa = PBXBuildFile; fileRef = 6B3840CE24BABB8400BE684D /* Assets.xcassets */; };
		6B3840D224BABB8400BE684D /* Preview Assets.xcassets in Resources */ = {isa = PBXBuildFile; fileRef = 6B3840D124BABB8400BE684D /* Preview Assets.xcassets */; };
		6B3840D524BABB8400BE684D /* LaunchScreen.storyboard in Resources */ = {isa = PBXBuildFile; fileRef = 6B3840D324BABB8400BE684D /* LaunchScreen.storyboard */; };
		6B3840E024BABB8500BE684D /* SwiftUIMemoTests.swift in Sources */ = {isa = PBXBuildFile; fileRef = 6B3840DF24BABB8500BE684D /* SwiftUIMemoTests.swift */; };
		6B3840EB24BABB8500BE684D /* SwiftUIMemoUITests.swift in Sources */ = {isa = PBXBuildFile; fileRef = 6B3840EA24BABB8500BE684D /* SwiftUIMemoUITests.swift */; };
		6B38410324BAFF2200BE684D /* DateFormatter+Memo.swift in Sources */ = {isa = PBXBuildFile; fileRef = 6B38410224BAFF2100BE684D /* DateFormatter+Memo.swift */; };
		6B38410424BAFF2200BE684D /* DateFormatter+Memo.swift in Sources */ = {isa = PBXBuildFile; fileRef = 6B38410224BAFF2100BE684D /* DateFormatter+Memo.swift */; };
		6B38410524BAFF2200BE684D /* DateFormatter+Memo.swift in Sources */ = {isa = PBXBuildFile; fileRef = 6B38410224BAFF2100BE684D /* DateFormatter+Memo.swift */; };
		6B38410824BB26DF00BE684D /* MemoCell.swift in Sources */ = {isa = PBXBuildFile; fileRef = 6B38410724BB26DF00BE684D /* MemoCell.swift */; };
		6B38410924BB26DF00BE684D /* MemoCell.swift in Sources */ = {isa = PBXBuildFile; fileRef = 6B38410724BB26DF00BE684D /* MemoCell.swift */; };
		6B38410A24BB26DF00BE684D /* MemoCell.swift in Sources */ = {isa = PBXBuildFile; fileRef = 6B38410724BB26DF00BE684D /* MemoCell.swift */; };
		6B38410D24BB27ED00BE684D /* ComposeScene.swift in Sources */ = {isa = PBXBuildFile; fileRef = 6B38410C24BB27ED00BE684D /* ComposeScene.swift */; };
		6B38410E24BB27ED00BE684D /* ComposeScene.swift in Sources */ = {isa = PBXBuildFile; fileRef = 6B38410C24BB27ED00BE684D /* ComposeScene.swift */; };
		6B38410F24BB27ED00BE684D /* ComposeScene.swift in Sources */ = {isa = PBXBuildFile; fileRef = 6B38410C24BB27ED00BE684D /* ComposeScene.swift */; };
		6B69F05124C3FE1800C3A689 /* DetailScene.swift in Sources */ = {isa = PBXBuildFile; fileRef = 6B69F05024C3FE1800C3A689 /* DetailScene.swift */; };
		6B69F05224C3FE1800C3A689 /* DetailScene.swift in Sources */ = {isa = PBXBuildFile; fileRef = 6B69F05024C3FE1800C3A689 /* DetailScene.swift */; };
		6B69F05324C3FE1800C3A689 /* DetailScene.swift in Sources */ = {isa = PBXBuildFile; fileRef = 6B69F05024C3FE1800C3A689 /* DetailScene.swift */; };
		6B69F05624C4212D00C3A689 /* MemoEntity+Identifiable.swift in Sources */ = {isa = PBXBuildFile; fileRef = 6B69F05524C4212D00C3A689 /* MemoEntity+Identifiable.swift */; };
		6B69F05724C4212D00C3A689 /* MemoEntity+Identifiable.swift in Sources */ = {isa = PBXBuildFile; fileRef = 6B69F05524C4212D00C3A689 /* MemoEntity+Identifiable.swift */; };
		6B69F05824C4212D00C3A689 /* MemoEntity+Identifiable.swift in Sources */ = {isa = PBXBuildFile; fileRef = 6B69F05524C4212D00C3A689 /* MemoEntity+Identifiable.swift */; };
		6B69F05A24C4216700C3A689 /* CoreDataManager.swift in Sources */ = {isa = PBXBuildFile; fileRef = 6B69F05924C4216700C3A689 /* CoreDataManager.swift */; };
		6B69F05B24C4216700C3A689 /* CoreDataManager.swift in Sources */ = {isa = PBXBuildFile; fileRef = 6B69F05924C4216700C3A689 /* CoreDataManager.swift */; };
		6B69F05C24C4216700C3A689 /* CoreDataManager.swift in Sources */ = {isa = PBXBuildFile; fileRef = 6B69F05924C4216700C3A689 /* CoreDataManager.swift */; };
		6B6F47B224CD815300C24BB5 /* ObservableListScene.swift in Sources */ = {isa = PBXBuildFile; fileRef = 6B6F47B124CD815300C24BB5 /* ObservableListScene.swift */; };
		6B6F47B324CD815300C24BB5 /* ObservableListScene.swift in Sources */ = {isa = PBXBuildFile; fileRef = 6B6F47B124CD815300C24BB5 /* ObservableListScene.swift */; };
		6B6F47B424CD815300C24BB5 /* ObservableListScene.swift in Sources */ = {isa = PBXBuildFile; fileRef = 6B6F47B124CD815300C24BB5 /* ObservableListScene.swift */; };
		6BCD09B924D6A94B0064EA58 /* TextView2.swift in Sources */ = {isa = PBXBuildFile; fileRef = 6BCD09B824D6A94B0064EA58 /* TextView2.swift */; };
		6BCD09BA24D6A94B0064EA58 /* TextView2.swift in Sources */ = {isa = PBXBuildFile; fileRef = 6BCD09B824D6A94B0064EA58 /* TextView2.swift */; };
/* End PBXBuildFile section */

/* Begin PBXContainerItemProxy section */
		6B3840DC24BABB8500BE684D /* PBXContainerItemProxy */ = {
			isa = PBXContainerItemProxy;
			containerPortal = 6B3840BA24BABB8000BE684D /* Project object */;
			proxyType = 1;
			remoteGlobalIDString = 6B3840C124BABB8000BE684D;
			remoteInfo = SwiftUIMemo;
		};
		6B3840E724BABB8500BE684D /* PBXContainerItemProxy */ = {
			isa = PBXContainerItemProxy;
			containerPortal = 6B3840BA24BABB8000BE684D /* Project object */;
			proxyType = 1;
			remoteGlobalIDString = 6B3840C124BABB8000BE684D;
			remoteInfo = SwiftUIMemo;
		};
/* End PBXContainerItemProxy section */

/* Begin PBXFileReference section */
		6B1548F024BB4AB000A0A7B4 /* TextView.swift */ = {isa = PBXFileReference; lastKnownFileType = sourcecode.swift; path = TextView.swift; sourceTree = "<group>"; };
		6B1548F524BB4E1600A0A7B4 /* KeyboardObserver.swift */ = {isa = PBXFileReference; lastKnownFileType = sourcecode.swift; path = KeyboardObserver.swift; sourceTree = "<group>"; };
		6B3840C224BABB8000BE684D /* SwiftUIMemo.app */ = {isa = PBXFileReference; explicitFileType = wrapper.application; includeInIndex = 0; path = SwiftUIMemo.app; sourceTree = BUILT_PRODUCTS_DIR; };
		6B3840C524BABB8000BE684D /* AppDelegate.swift */ = {isa = PBXFileReference; lastKnownFileType = sourcecode.swift; path = AppDelegate.swift; sourceTree = "<group>"; };
		6B3840C724BABB8000BE684D /* SceneDelegate.swift */ = {isa = PBXFileReference; lastKnownFileType = sourcecode.swift; path = SceneDelegate.swift; sourceTree = "<group>"; };
		6B3840CA24BABB8100BE684D /* SwiftUIMemo.xcdatamodel */ = {isa = PBXFileReference; lastKnownFileType = wrapper.xcdatamodel; path = SwiftUIMemo.xcdatamodel; sourceTree = "<group>"; };
		6B3840CC24BABB8100BE684D /* MemoListScene.swift */ = {isa = PBXFileReference; lastKnownFileType = sourcecode.swift; path = MemoListScene.swift; sourceTree = "<group>"; };
		6B3840CE24BABB8400BE684D /* Assets.xcassets */ = {isa = PBXFileReference; lastKnownFileType = folder.assetcatalog; path = Assets.xcassets; sourceTree = "<group>"; };
		6B3840D124BABB8400BE684D /* Preview Assets.xcassets */ = {isa = PBXFileReference; lastKnownFileType = folder.assetcatalog; path = "Preview Assets.xcassets"; sourceTree = "<group>"; };
		6B3840D424BABB8400BE684D /* Base */ = {isa = PBXFileReference; lastKnownFileType = file.storyboard; name = Base; path = Base.lproj/LaunchScreen.storyboard; sourceTree = "<group>"; };
		6B3840D624BABB8400BE684D /* Info.plist */ = {isa = PBXFileReference; lastKnownFileType = text.plist.xml; path = Info.plist; sourceTree = "<group>"; };
		6B3840DB24BABB8500BE684D /* SwiftUIMemoTests.xctest */ = {isa = PBXFileReference; explicitFileType = wrapper.cfbundle; includeInIndex = 0; path = SwiftUIMemoTests.xctest; sourceTree = BUILT_PRODUCTS_DIR; };
		6B3840DF24BABB8500BE684D /* SwiftUIMemoTests.swift */ = {isa = PBXFileReference; lastKnownFileType = sourcecode.swift; path = SwiftUIMemoTests.swift; sourceTree = "<group>"; };
		6B3840E124BABB8500BE684D /* Info.plist */ = {isa = PBXFileReference; lastKnownFileType = text.plist.xml; path = Info.plist; sourceTree = "<group>"; };
		6B3840E624BABB8500BE684D /* SwiftUIMemoUITests.xctest */ = {isa = PBXFileReference; explicitFileType = wrapper.cfbundle; includeInIndex = 0; path = SwiftUIMemoUITests.xctest; sourceTree = BUILT_PRODUCTS_DIR; };
		6B3840EA24BABB8500BE684D /* SwiftUIMemoUITests.swift */ = {isa = PBXFileReference; lastKnownFileType = sourcecode.swift; path = SwiftUIMemoUITests.swift; sourceTree = "<group>"; };
		6B3840EC24BABB8500BE684D /* Info.plist */ = {isa = PBXFileReference; lastKnownFileType = text.plist.xml; path = Info.plist; sourceTree = "<group>"; };
		6B38410224BAFF2100BE684D /* DateFormatter+Memo.swift */ = {isa = PBXFileReference; lastKnownFileType = sourcecode.swift; path = "DateFormatter+Memo.swift"; sourceTree = "<group>"; };
		6B38410724BB26DF00BE684D /* MemoCell.swift */ = {isa = PBXFileReference; lastKnownFileType = sourcecode.swift; path = MemoCell.swift; sourceTree = "<group>"; };
		6B38410C24BB27ED00BE684D /* ComposeScene.swift */ = {isa = PBXFileReference; lastKnownFileType = sourcecode.swift; path = ComposeScene.swift; sourceTree = "<group>"; };
		6B69F05024C3FE1800C3A689 /* DetailScene.swift */ = {isa = PBXFileReference; lastKnownFileType = sourcecode.swift; path = DetailScene.swift; sourceTree = "<group>"; };
		6B69F05524C4212D00C3A689 /* MemoEntity+Identifiable.swift */ = {isa = PBXFileReference; lastKnownFileType = sourcecode.swift; path = "MemoEntity+Identifiable.swift"; sourceTree = "<group>"; };
		6B69F05924C4216700C3A689 /* CoreDataManager.swift */ = {isa = PBXFileReference; lastKnownFileType = sourcecode.swift; path = CoreDataManager.swift; sourceTree = "<group>"; };
		6B6F47B124CD815300C24BB5 /* ObservableListScene.swift */ = {isa = PBXFileReference; lastKnownFileType = sourcecode.swift; path = ObservableListScene.swift; sourceTree = "<group>"; };
		6BCD09B824D6A94B0064EA58 /* TextView2.swift */ = {isa = PBXFileReference; lastKnownFileType = sourcecode.swift; path = TextView2.swift; sourceTree = "<group>"; };
/* End PBXFileReference section */

/* Begin PBXFrameworksBuildPhase section */
		6B3840BF24BABB8000BE684D /* Frameworks */ = {
			isa = PBXFrameworksBuildPhase;
			buildActionMask = 2147483647;
			files = (
			);
			runOnlyForDeploymentPostprocessing = 0;
		};
		6B3840D824BABB8500BE684D /* Frameworks */ = {
			isa = PBXFrameworksBuildPhase;
			buildActionMask = 2147483647;
			files = (
			);
			runOnlyForDeploymentPostprocessing = 0;
		};
		6B3840E324BABB8500BE684D /* Frameworks */ = {
			isa = PBXFrameworksBuildPhase;
			buildActionMask = 2147483647;
			files = (
			);
			runOnlyForDeploymentPostprocessing = 0;
		};
/* End PBXFrameworksBuildPhase section */

/* Begin PBXGroup section */
		6B1548F424BB4DF400A0A7B4 /* Shared */ = {
			isa = PBXGroup;
			children = (
				6B1548F524BB4E1600A0A7B4 /* KeyboardObserver.swift */,
			);
			name = Shared;
			path = "노";
			sourceTree = "<group>";
		};
		6B3840B924BABB8000BE684D = {
			isa = PBXGroup;
			children = (
				6B3840C424BABB8000BE684D /* SwiftUIMemo */,
				6B3840DE24BABB8500BE684D /* SwiftUIMemoTests */,
				6B3840E924BABB8500BE684D /* SwiftUIMemoUITests */,
				6B3840C324BABB8000BE684D /* Products */,
			);
			sourceTree = "<group>";
		};
		6B3840C324BABB8000BE684D /* Products */ = {
			isa = PBXGroup;
			children = (
				6B3840C224BABB8000BE684D /* SwiftUIMemo.app */,
				6B3840DB24BABB8500BE684D /* SwiftUIMemoTests.xctest */,
				6B3840E624BABB8500BE684D /* SwiftUIMemoUITests.xctest */,
			);
			name = Products;
			sourceTree = "<group>";
		};
		6B3840C424BABB8000BE684D /* SwiftUIMemo */ = {
			isa = PBXGroup;
			children = (
				6B69F05424C4201100C3A689 /* DB */,
				6B1548F424BB4DF400A0A7B4 /* Shared */,
				6B38410B24BB27A000BE684D /* Scenes */,
				6B38410124BAFF0100BE684D /* Extensions */,
				6B3840C524BABB8000BE684D /* AppDelegate.swift */,
				6B3840C724BABB8000BE684D /* SceneDelegate.swift */,
				6B3840CE24BABB8400BE684D /* Assets.xcassets */,
				6B3840D324BABB8400BE684D /* LaunchScreen.storyboard */,
				6B3840D624BABB8400BE684D /* Info.plist */,
				6B3840D024BABB8400BE684D /* Preview Content */,
			);
			path = SwiftUIMemo;
			sourceTree = "<group>";
		};
		6B3840D024BABB8400BE684D /* Preview Content */ = {
			isa = PBXGroup;
			children = (
				6B3840D124BABB8400BE684D /* Preview Assets.xcassets */,
			);
			path = "Preview Content";
			sourceTree = "<group>";
		};
		6B3840DE24BABB8500BE684D /* SwiftUIMemoTests */ = {
			isa = PBXGroup;
			children = (
				6B3840DF24BABB8500BE684D /* SwiftUIMemoTests.swift */,
				6B3840E124BABB8500BE684D /* Info.plist */,
			);
			path = SwiftUIMemoTests;
			sourceTree = "<group>";
		};
		6B3840E924BABB8500BE684D /* SwiftUIMemoUITests */ = {
			isa = PBXGroup;
			children = (
				6B3840EA24BABB8500BE684D /* SwiftUIMemoUITests.swift */,
				6B3840EC24BABB8500BE684D /* Info.plist */,
			);
			path = SwiftUIMemoUITests;
			sourceTree = "<group>";
		};
		6B38410124BAFF0100BE684D /* Extensions */ = {
			isa = PBXGroup;
			children = (
				6B38410224BAFF2100BE684D /* DateFormatter+Memo.swift */,
			);
			path = Extensions;
			sourceTree = "<group>";
		};
		6B38410624BB26C200BE684D /* Views */ = {
			isa = PBXGroup;
			children = (
				6B38410724BB26DF00BE684D /* MemoCell.swift */,
				6B1548F024BB4AB000A0A7B4 /* TextView.swift */,
				6BCD09B824D6A94B0064EA58 /* TextView2.swift */,
			);
			path = Views;
			sourceTree = "<group>";
		};
		6B38410B24BB27A000BE684D /* Scenes */ = {
			isa = PBXGroup;
			children = (
				6B38410624BB26C200BE684D /* Views */,
				6B3840CC24BABB8100BE684D /* MemoListScene.swift */,
				6B38410C24BB27ED00BE684D /* ComposeScene.swift */,
				6B69F05024C3FE1800C3A689 /* DetailScene.swift */,
				6B6F47B124CD815300C24BB5 /* ObservableListScene.swift */,
			);
			path = Scenes;
			sourceTree = "<group>";
		};
		6B69F05424C4201100C3A689 /* DB */ = {
			isa = PBXGroup;
			children = (
				6B3840C924BABB8100BE684D /* SwiftUIMemo.xcdatamodeld */,
				6B69F05524C4212D00C3A689 /* MemoEntity+Identifiable.swift */,
				6B69F05924C4216700C3A689 /* CoreDataManager.swift */,
			);
			path = DB;
			sourceTree = "<group>";
		};
/* End PBXGroup section */

/* Begin PBXNativeTarget section */
		6B3840C124BABB8000BE684D /* SwiftUIMemo */ = {
			isa = PBXNativeTarget;
			buildConfigurationList = 6B3840EF24BABB8500BE684D /* Build configuration list for PBXNativeTarget "SwiftUIMemo" */;
			buildPhases = (
				6B3840BE24BABB8000BE684D /* Sources */,
				6B3840BF24BABB8000BE684D /* Frameworks */,
				6B3840C024BABB8000BE684D /* Resources */,
			);
			buildRules = (
			);
			dependencies = (
			);
			name = SwiftUIMemo;
			productName = SwiftUIMemo;
			productReference = 6B3840C224BABB8000BE684D /* SwiftUIMemo.app */;
			productType = "com.apple.product-type.application";
		};
		6B3840DA24BABB8500BE684D /* SwiftUIMemoTests */ = {
			isa = PBXNativeTarget;
			buildConfigurationList = 6B3840F224BABB8500BE684D /* Build configuration list for PBXNativeTarget "SwiftUIMemoTests" */;
			buildPhases = (
				6B3840D724BABB8500BE684D /* Sources */,
				6B3840D824BABB8500BE684D /* Frameworks */,
				6B3840D924BABB8500BE684D /* Resources */,
			);
			buildRules = (
			);
			dependencies = (
				6B3840DD24BABB8500BE684D /* PBXTargetDependency */,
			);
			name = SwiftUIMemoTests;
			productName = SwiftUIMemoTests;
			productReference = 6B3840DB24BABB8500BE684D /* SwiftUIMemoTests.xctest */;
			productType = "com.apple.product-type.bundle.unit-test";
		};
		6B3840E524BABB8500BE684D /* SwiftUIMemoUITests */ = {
			isa = PBXNativeTarget;
			buildConfigurationList = 6B3840F524BABB8500BE684D /* Build configuration list for PBXNativeTarget "SwiftUIMemoUITests" */;
			buildPhases = (
				6B3840E224BABB8500BE684D /* Sources */,
				6B3840E324BABB8500BE684D /* Frameworks */,
				6B3840E424BABB8500BE684D /* Resources */,
			);
			buildRules = (
			);
			dependencies = (
				6B3840E824BABB8500BE684D /* PBXTargetDependency */,
			);
			name = SwiftUIMemoUITests;
			productName = SwiftUIMemoUITests;
			productReference = 6B3840E624BABB8500BE684D /* SwiftUIMemoUITests.xctest */;
			productType = "com.apple.product-type.bundle.ui-testing";
		};
/* End PBXNativeTarget section */

/* Begin PBXProject section */
		6B3840BA24BABB8000BE684D /* Project object */ = {
			isa = PBXProject;
			attributes = {
				LastSwiftUpdateCheck = 1150;
				LastUpgradeCheck = 1150;
				ORGANIZATIONNAME = MunokKim;
				TargetAttributes = {
					6B3840C124BABB8000BE684D = {
						CreatedOnToolsVersion = 11.5;
					};
					6B3840DA24BABB8500BE684D = {
						CreatedOnToolsVersion = 11.5;
						TestTargetID = 6B3840C124BABB8000BE684D;
					};
					6B3840E524BABB8500BE684D = {
						CreatedOnToolsVersion = 11.5;
						TestTargetID = 6B3840C124BABB8000BE684D;
					};
				};
			};
			buildConfigurationList = 6B3840BD24BABB8000BE684D /* Build configuration list for PBXProject "SwiftUIMemo" */;
			compatibilityVersion = "Xcode 9.3";
			developmentRegion = en;
			hasScannedForEncodings = 0;
			knownRegions = (
				en,
				Base,
			);
			mainGroup = 6B3840B924BABB8000BE684D;
			productRefGroup = 6B3840C324BABB8000BE684D /* Products */;
			projectDirPath = "";
			projectRoot = "";
			targets = (
				6B3840C124BABB8000BE684D /* SwiftUIMemo */,
				6B3840DA24BABB8500BE684D /* SwiftUIMemoTests */,
				6B3840E524BABB8500BE684D /* SwiftUIMemoUITests */,
			);
		};
/* End PBXProject section */

/* Begin PBXResourcesBuildPhase section */
		6B3840C024BABB8000BE684D /* Resources */ = {
			isa = PBXResourcesBuildPhase;
			buildActionMask = 2147483647;
			files = (
				6B3840D524BABB8400BE684D /* LaunchScreen.storyboard in Resources */,
				6B3840D224BABB8400BE684D /* Preview Assets.xcassets in Resources */,
				6B3840CF24BABB8400BE684D /* Assets.xcassets in Resources */,
			);
			runOnlyForDeploymentPostprocessing = 0;
		};
		6B3840D924BABB8500BE684D /* Resources */ = {
			isa = PBXResourcesBuildPhase;
			buildActionMask = 2147483647;
			files = (
			);
			runOnlyForDeploymentPostprocessing = 0;
		};
		6B3840E424BABB8500BE684D /* Resources */ = {
			isa = PBXResourcesBuildPhase;
			buildActionMask = 2147483647;
			files = (
			);
			runOnlyForDeploymentPostprocessing = 0;
		};
/* End PBXResourcesBuildPhase section */

/* Begin PBXSourcesBuildPhase section */
		6B3840BE24BABB8000BE684D /* Sources */ = {
			isa = PBXSourcesBuildPhase;
			buildActionMask = 2147483647;
			files = (
				6B3840CB24BABB8100BE684D /* SwiftUIMemo.xcdatamodeld in Sources */,
				6B1548F624BB4E1600A0A7B4 /* KeyboardObserver.swift in Sources */,
				6B3840C624BABB8000BE684D /* AppDelegate.swift in Sources */,
				6B38410324BAFF2200BE684D /* DateFormatter+Memo.swift in Sources */,
				6BCD09B924D6A94B0064EA58 /* TextView2.swift in Sources */,
				6B69F05124C3FE1800C3A689 /* DetailScene.swift in Sources */,
				6B3840CD24BABB8100BE684D /* MemoListScene.swift in Sources */,
				6B6F47B224CD815300C24BB5 /* ObservableListScene.swift in Sources */,
				6B3840C824BABB8000BE684D /* SceneDelegate.swift in Sources */,
				6B38410824BB26DF00BE684D /* MemoCell.swift in Sources */,
				6B38410D24BB27ED00BE684D /* ComposeScene.swift in Sources */,
				6B1548F124BB4AB000A0A7B4 /* TextView.swift in Sources */,
				6B69F05A24C4216700C3A689 /* CoreDataManager.swift in Sources */,
				6B69F05624C4212D00C3A689 /* MemoEntity+Identifiable.swift in Sources */,
			);
			runOnlyForDeploymentPostprocessing = 0;
		};
		6B3840D724BABB8500BE684D /* Sources */ = {
			isa = PBXSourcesBuildPhase;
			buildActionMask = 2147483647;
			files = (
				6B69F05724C4212D00C3A689 /* MemoEntity+Identifiable.swift in Sources */,
				6BCD09BA24D6A94B0064EA58 /* TextView2.swift in Sources */,
				6B3840E024BABB8500BE684D /* SwiftUIMemoTests.swift in Sources */,
				6B38410924BB26DF00BE684D /* MemoCell.swift in Sources */,
				6B1548F724BB4E1600A0A7B4 /* KeyboardObserver.swift in Sources */,
				6B1548F224BB4AB000A0A7B4 /* TextView.swift in Sources */,
				6B69F05224C3FE1800C3A689 /* DetailScene.swift in Sources */,
				6B38410424BAFF2200BE684D /* DateFormatter+Memo.swift in Sources */,
				6B6F47B324CD815300C24BB5 /* ObservableListScene.swift in Sources */,
				6B38410E24BB27ED00BE684D /* ComposeScene.swift in Sources */,
				6B69F05B24C4216700C3A689 /* CoreDataManager.swift in Sources */,
			);
			runOnlyForDeploymentPostprocessing = 0;
		};
		6B3840E224BABB8500BE684D /* Sources */ = {
			isa = PBXSourcesBuildPhase;
			buildActionMask = 2147483647;
			files = (
				6B69F05824C4212D00C3A689 /* MemoEntity+Identifiable.swift in Sources */,
				6B3840EB24BABB8500BE684D /* SwiftUIMemoUITests.swift in Sources */,
				6B38410A24BB26DF00BE684D /* MemoCell.swift in Sources */,
				6B1548F824BB4E1600A0A7B4 /* KeyboardObserver.swift in Sources */,
				6B1548F324BB4AB000A0A7B4 /* TextView.swift in Sources */,
				6B69F05324C3FE1800C3A689 /* DetailScene.swift in Sources */,
				6B38410524BAFF2200BE684D /* DateFormatter+Memo.swift in Sources */,
				6B6F47B424CD815300C24BB5 /* ObservableListScene.swift in Sources */,
				6B38410F24BB27ED00BE684D /* ComposeScene.swift in Sources */,
				6B69F05C24C4216700C3A689 /* CoreDataManager.swift in Sources */,
			);
			runOnlyForDeploymentPostprocessing = 0;
		};
/* End PBXSourcesBuildPhase section */

/* Begin PBXTargetDependency section */
		6B3840DD24BABB8500BE684D /* PBXTargetDependency */ = {
			isa = PBXTargetDependency;
			target = 6B3840C124BABB8000BE684D /* SwiftUIMemo */;
			targetProxy = 6B3840DC24BABB8500BE684D /* PBXContainerItemProxy */;
		};
		6B3840E824BABB8500BE684D /* PBXTargetDependency */ = {
			isa = PBXTargetDependency;
			target = 6B3840C124BABB8000BE684D /* SwiftUIMemo */;
			targetProxy = 6B3840E724BABB8500BE684D /* PBXContainerItemProxy */;
		};
/* End PBXTargetDependency section */

/* Begin PBXVariantGroup section */
		6B3840D324BABB8400BE684D /* LaunchScreen.storyboard */ = {
			isa = PBXVariantGroup;
			children = (
				6B3840D424BABB8400BE684D /* Base */,
			);
			name = LaunchScreen.storyboard;
			sourceTree = "<group>";
		};
/* End PBXVariantGroup section */

/* Begin XCBuildConfiguration section */
		6B3840ED24BABB8500BE684D /* Debug */ = {
			isa = XCBuildConfiguration;
			buildSettings = {
				ALWAYS_SEARCH_USER_PATHS = NO;
				CLANG_ANALYZER_NONNULL = YES;
				CLANG_ANALYZER_NUMBER_OBJECT_CONVERSION = YES_AGGRESSIVE;
				CLANG_CXX_LANGUAGE_STANDARD = "gnu++14";
				CLANG_CXX_LIBRARY = "libc++";
				CLANG_ENABLE_MODULES = YES;
				CLANG_ENABLE_OBJC_ARC = YES;
				CLANG_ENABLE_OBJC_WEAK = YES;
				CLANG_WARN_BLOCK_CAPTURE_AUTORELEASING = YES;
				CLANG_WARN_BOOL_CONVERSION = YES;
				CLANG_WARN_COMMA = YES;
				CLANG_WARN_CONSTANT_CONVERSION = YES;
				CLANG_WARN_DEPRECATED_OBJC_IMPLEMENTATIONS = YES;
				CLANG_WARN_DIRECT_OBJC_ISA_USAGE = YES_ERROR;
				CLANG_WARN_DOCUMENTATION_COMMENTS = YES;
				CLANG_WARN_EMPTY_BODY = YES;
				CLANG_WARN_ENUM_CONVERSION = YES;
				CLANG_WARN_INFINITE_RECURSION = YES;
				CLANG_WARN_INT_CONVERSION = YES;
				CLANG_WARN_NON_LITERAL_NULL_CONVERSION = YES;
				CLANG_WARN_OBJC_IMPLICIT_RETAIN_SELF = YES;
				CLANG_WARN_OBJC_LITERAL_CONVERSION = YES;
				CLANG_WARN_OBJC_ROOT_CLASS = YES_ERROR;
				CLANG_WARN_RANGE_LOOP_ANALYSIS = YES;
				CLANG_WARN_STRICT_PROTOTYPES = YES;
				CLANG_WARN_SUSPICIOUS_MOVE = YES;
				CLANG_WARN_UNGUARDED_AVAILABILITY = YES_AGGRESSIVE;
				CLANG_WARN_UNREACHABLE_CODE = YES;
				CLANG_WARN__DUPLICATE_METHOD_MATCH = YES;
				COPY_PHASE_STRIP = NO;
				DEBUG_INFORMATION_FORMAT = dwarf;
				ENABLE_STRICT_OBJC_MSGSEND = YES;
				ENABLE_TESTABILITY = YES;
				GCC_C_LANGUAGE_STANDARD = gnu11;
				GCC_DYNAMIC_NO_PIC = NO;
				GCC_NO_COMMON_BLOCKS = YES;
				GCC_OPTIMIZATION_LEVEL = 0;
				GCC_PREPROCESSOR_DEFINITIONS = (
					"DEBUG=1",
					"$(inherited)",
				);
				GCC_WARN_64_TO_32_BIT_CONVERSION = YES;
				GCC_WARN_ABOUT_RETURN_TYPE = YES_ERROR;
				GCC_WARN_UNDECLARED_SELECTOR = YES;
				GCC_WARN_UNINITIALIZED_AUTOS = YES_AGGRESSIVE;
				GCC_WARN_UNUSED_FUNCTION = YES;
				GCC_WARN_UNUSED_VARIABLE = YES;
				IPHONEOS_DEPLOYMENT_TARGET = 13.5;
				MTL_ENABLE_DEBUG_INFO = INCLUDE_SOURCE;
				MTL_FAST_MATH = YES;
				ONLY_ACTIVE_ARCH = YES;
				SDKROOT = iphoneos;
				SWIFT_ACTIVE_COMPILATION_CONDITIONS = DEBUG;
				SWIFT_OPTIMIZATION_LEVEL = "-Onone";
			};
			name = Debug;
		};
		6B3840EE24BABB8500BE684D /* Release */ = {
			isa = XCBuildConfiguration;
			buildSettings = {
				ALWAYS_SEARCH_USER_PATHS = NO;
				CLANG_ANALYZER_NONNULL = YES;
				CLANG_ANALYZER_NUMBER_OBJECT_CONVERSION = YES_AGGRESSIVE;
				CLANG_CXX_LANGUAGE_STANDARD = "gnu++14";
				CLANG_CXX_LIBRARY = "libc++";
				CLANG_ENABLE_MODULES = YES;
				CLANG_ENABLE_OBJC_ARC = YES;
				CLANG_ENABLE_OBJC_WEAK = YES;
				CLANG_WARN_BLOCK_CAPTURE_AUTORELEASING = YES;
				CLANG_WARN_BOOL_CONVERSION = YES;
				CLANG_WARN_COMMA = YES;
				CLANG_WARN_CONSTANT_CONVERSION = YES;
				CLANG_WARN_DEPRECATED_OBJC_IMPLEMENTATIONS = YES;
				CLANG_WARN_DIRECT_OBJC_ISA_USAGE = YES_ERROR;
				CLANG_WARN_DOCUMENTATION_COMMENTS = YES;
				CLANG_WARN_EMPTY_BODY = YES;
				CLANG_WARN_ENUM_CONVERSION = YES;
				CLANG_WARN_INFINITE_RECURSION = YES;
				CLANG_WARN_INT_CONVERSION = YES;
				CLANG_WARN_NON_LITERAL_NULL_CONVERSION = YES;
				CLANG_WARN_OBJC_IMPLICIT_RETAIN_SELF = YES;
				CLANG_WARN_OBJC_LITERAL_CONVERSION = YES;
				CLANG_WARN_OBJC_ROOT_CLASS = YES_ERROR;
				CLANG_WARN_RANGE_LOOP_ANALYSIS = YES;
				CLANG_WARN_STRICT_PROTOTYPES = YES;
				CLANG_WARN_SUSPICIOUS_MOVE = YES;
				CLANG_WARN_UNGUARDED_AVAILABILITY = YES_AGGRESSIVE;
				CLANG_WARN_UNREACHABLE_CODE = YES;
				CLANG_WARN__DUPLICATE_METHOD_MATCH = YES;
				COPY_PHASE_STRIP = NO;
				DEBUG_INFORMATION_FORMAT = "dwarf-with-dsym";
				ENABLE_NS_ASSERTIONS = NO;
				ENABLE_STRICT_OBJC_MSGSEND = YES;
				GCC_C_LANGUAGE_STANDARD = gnu11;
				GCC_NO_COMMON_BLOCKS = YES;
				GCC_WARN_64_TO_32_BIT_CONVERSION = YES;
				GCC_WARN_ABOUT_RETURN_TYPE = YES_ERROR;
				GCC_WARN_UNDECLARED_SELECTOR = YES;
				GCC_WARN_UNINITIALIZED_AUTOS = YES_AGGRESSIVE;
				GCC_WARN_UNUSED_FUNCTION = YES;
				GCC_WARN_UNUSED_VARIABLE = YES;
				IPHONEOS_DEPLOYMENT_TARGET = 13.5;
				MTL_ENABLE_DEBUG_INFO = NO;
				MTL_FAST_MATH = YES;
				SDKROOT = iphoneos;
				SWIFT_COMPILATION_MODE = wholemodule;
				SWIFT_OPTIMIZATION_LEVEL = "-O";
				VALIDATE_PRODUCT = YES;
			};
			name = Release;
		};
		6B3840F024BABB8500BE684D /* Debug */ = {
			isa = XCBuildConfiguration;
			buildSettings = {
				ASSETCATALOG_COMPILER_APPICON_NAME = AppIcon;
				CODE_SIGN_STYLE = Automatic;
				DEVELOPMENT_ASSET_PATHS = "\"SwiftUIMemo/Preview Content\"";
				DEVELOPMENT_TEAM = L2N9WY9T58;
				ENABLE_PREVIEWS = YES;
				INFOPLIST_FILE = SwiftUIMemo/Info.plist;
				LD_RUNPATH_SEARCH_PATHS = (
					"$(inherited)",
					"@executable_path/Frameworks",
				);
				PRODUCT_BUNDLE_IDENTIFIER = com.Munok.SwiftUIMemo;
				PRODUCT_NAME = "$(TARGET_NAME)";
				SWIFT_VERSION = 5.0;
				TARGETED_DEVICE_FAMILY = "1,2";
			};
			name = Debug;
		};
		6B3840F124BABB8500BE684D /* Release */ = {
			isa = XCBuildConfiguration;
			buildSettings = {
				ASSETCATALOG_COMPILER_APPICON_NAME = AppIcon;
				CODE_SIGN_STYLE = Automatic;
				DEVELOPMENT_ASSET_PATHS = "\"SwiftUIMemo/Preview Content\"";
				DEVELOPMENT_TEAM = L2N9WY9T58;
				ENABLE_PREVIEWS = YES;
				INFOPLIST_FILE = SwiftUIMemo/Info.plist;
				LD_RUNPATH_SEARCH_PATHS = (
					"$(inherited)",
					"@executable_path/Frameworks",
				);
				PRODUCT_BUNDLE_IDENTIFIER = com.Munok.SwiftUIMemo;
				PRODUCT_NAME = "$(TARGET_NAME)";
				SWIFT_VERSION = 5.0;
				TARGETED_DEVICE_FAMILY = "1,2";
			};
			name = Release;
		};
		6B3840F324BABB8500BE684D /* Debug */ = {
			isa = XCBuildConfiguration;
			buildSettings = {
				ALWAYS_EMBED_SWIFT_STANDARD_LIBRARIES = YES;
				BUNDLE_LOADER = "$(TEST_HOST)";
				CODE_SIGN_STYLE = Automatic;
				DEVELOPMENT_TEAM = L2N9WY9T58;
				INFOPLIST_FILE = SwiftUIMemoTests/Info.plist;
				IPHONEOS_DEPLOYMENT_TARGET = 13.5;
				LD_RUNPATH_SEARCH_PATHS = (
					"$(inherited)",
					"@executable_path/Frameworks",
					"@loader_path/Frameworks",
				);
				PRODUCT_BUNDLE_IDENTIFIER = com.Munok.SwiftUIMemoTests;
				PRODUCT_NAME = "$(TARGET_NAME)";
				SWIFT_VERSION = 5.0;
				TARGETED_DEVICE_FAMILY = "1,2";
				TEST_HOST = "$(BUILT_PRODUCTS_DIR)/SwiftUIMemo.app/SwiftUIMemo";
			};
			name = Debug;
		};
		6B3840F424BABB8500BE684D /* Release */ = {
			isa = XCBuildConfiguration;
			buildSettings = {
				ALWAYS_EMBED_SWIFT_STANDARD_LIBRARIES = YES;
				BUNDLE_LOADER = "$(TEST_HOST)";
				CODE_SIGN_STYLE = Automatic;
				DEVELOPMENT_TEAM = L2N9WY9T58;
				INFOPLIST_FILE = SwiftUIMemoTests/Info.plist;
				IPHONEOS_DEPLOYMENT_TARGET = 13.5;
				LD_RUNPATH_SEARCH_PATHS = (
					"$(inherited)",
					"@executable_path/Frameworks",
					"@loader_path/Frameworks",
				);
				PRODUCT_BUNDLE_IDENTIFIER = com.Munok.SwiftUIMemoTests;
				PRODUCT_NAME = "$(TARGET_NAME)";
				SWIFT_VERSION = 5.0;
				TARGETED_DEVICE_FAMILY = "1,2";
				TEST_HOST = "$(BUILT_PRODUCTS_DIR)/SwiftUIMemo.app/SwiftUIMemo";
			};
			name = Release;
		};
		6B3840F624BABB8500BE684D /* Debug */ = {
			isa = XCBuildConfiguration;
			buildSettings = {
				ALWAYS_EMBED_SWIFT_STANDARD_LIBRARIES = YES;
				CODE_SIGN_STYLE = Automatic;
				DEVELOPMENT_TEAM = L2N9WY9T58;
				INFOPLIST_FILE = SwiftUIMemoUITests/Info.plist;
				LD_RUNPATH_SEARCH_PATHS = (
					"$(inherited)",
					"@executable_path/Frameworks",
					"@loader_path/Frameworks",
				);
				PRODUCT_BUNDLE_IDENTIFIER = com.Munok.SwiftUIMemoUITests;
				PRODUCT_NAME = "$(TARGET_NAME)";
				SWIFT_VERSION = 5.0;
				TARGETED_DEVICE_FAMILY = "1,2";
				TEST_TARGET_NAME = SwiftUIMemo;
			};
			name = Debug;
		};
		6B3840F724BABB8500BE684D /* Release */ = {
			isa = XCBuildConfiguration;
			buildSettings = {
				ALWAYS_EMBED_SWIFT_STANDARD_LIBRARIES = YES;
				CODE_SIGN_STYLE = Automatic;
				DEVELOPMENT_TEAM = L2N9WY9T58;
				INFOPLIST_FILE = SwiftUIMemoUITests/Info.plist;
				LD_RUNPATH_SEARCH_PATHS = (
					"$(inherited)",
					"@executable_path/Frameworks",
					"@loader_path/Frameworks",
				);
				PRODUCT_BUNDLE_IDENTIFIER = com.Munok.SwiftUIMemoUITests;
				PRODUCT_NAME = "$(TARGET_NAME)";
				SWIFT_VERSION = 5.0;
				TARGETED_DEVICE_FAMILY = "1,2";
				TEST_TARGET_NAME = SwiftUIMemo;
			};
			name = Release;
		};
/* End XCBuildConfiguration section */

/* Begin XCConfigurationList section */
		6B3840BD24BABB8000BE684D /* Build configuration list for PBXProject "SwiftUIMemo" */ = {
			isa = XCConfigurationList;
			buildConfigurations = (
				6B3840ED24BABB8500BE684D /* Debug */,
				6B3840EE24BABB8500BE684D /* Release */,
			);
			defaultConfigurationIsVisible = 0;
			defaultConfigurationName = Release;
		};
		6B3840EF24BABB8500BE684D /* Build configuration list for PBXNativeTarget "SwiftUIMemo" */ = {
			isa = XCConfigurationList;
			buildConfigurations = (
				6B3840F024BABB8500BE684D /* Debug */,
				6B3840F124BABB8500BE684D /* Release */,
			);
			defaultConfigurationIsVisible = 0;
			defaultConfigurationName = Release;
		};
		6B3840F224BABB8500BE684D /* Build configuration list for PBXNativeTarget "SwiftUIMemoTests" */ = {
			isa = XCConfigurationList;
			buildConfigurations = (
				6B3840F324BABB8500BE684D /* Debug */,
				6B3840F424BABB8500BE684D /* Release */,
			);
			defaultConfigurationIsVisible = 0;
			defaultConfigurationName = Release;
		};
		6B3840F524BABB8500BE684D /* Build configuration list for PBXNativeTarget "SwiftUIMemoUITests" */ = {
			isa = XCConfigurationList;
			buildConfigurations = (
				6B3840F624BABB8500BE684D /* Debug */,
				6B3840F724BABB8500BE684D /* Release */,
			);
			defaultConfigurationIsVisible = 0;
			defaultConfigurationName = Release;
		};
/* End XCConfigurationList section */

/* Begin XCVersionGroup section */
		6B3840C924BABB8100BE684D /* SwiftUIMemo.xcdatamodeld */ = {
			isa = XCVersionGroup;
			children = (
				6B3840CA24BABB8100BE684D /* SwiftUIMemo.xcdatamodel */,
			);
			currentVersion = 6B3840CA24BABB8100BE684D /* SwiftUIMemo.xcdatamodel */;
			path = SwiftUIMemo.xcdatamodeld;
			sourceTree = "<group>";
			versionGroupType = wrapper.xcdatamodel;
		};
/* End XCVersionGroup section */
	};
	rootObject = 6B3840BA24BABB8000BE684D /* Project object */;
}
